// !$*UTF8*$!
{
	archiveVersion = 1;
	classes = {
	};
	objectVersion = 46;
	objects = {

/* Begin PBXBuildFile section */
		3E11B099D649C782B5775816 /* AppDelegate.swift in Sources */ = {isa = PBXBuildFile; fileRef = 3E11B194CBF01988E534E11E /* AppDelegate.swift */; };
		3E11B3F123FC93E8E7733236 /* LaunchScreen.storyboard in Resources */ = {isa = PBXBuildFile; fileRef = 3E11BA2A9BF8D2C64E9A5C19 /* LaunchScreen.storyboard */; };
		3E11B51B122BE2CAE2E19471 /* CPSelectionManager.podspec in Resources */ = {isa = PBXBuildFile; fileRef = 3E11B3ABFA058E4FF37C754D /* CPSelectionManager.podspec */; };
		3E11B5DAD4D6FB3C3C9BC8DE /* Main.storyboard in Resources */ = {isa = PBXBuildFile; fileRef = 3E11BF37E08BC96A2D5A65EA /* Main.storyboard */; };
		3E11BA017138C7D664F8A074 /* Assets.xcassets in Resources */ = {isa = PBXBuildFile; fileRef = 3E11B3048C25D7BF01995D42 /* Assets.xcassets */; };
		3E11BC828936EEB2325E8925 /* Info.plist in Resources */ = {isa = PBXBuildFile; fileRef = 3E11BDB36826610DFC331473 /* Info.plist */; };
		3E11BCFD8B5A0F8C971CE9C1 /* ViewController.swift in Sources */ = {isa = PBXBuildFile; fileRef = 3E11BBB23BF6DFA9AA226B43 /* ViewController.swift */; };
		3E11BDD1BB9221EDE54DD602 /* CPSelectionManager.swift in Sources */ = {isa = PBXBuildFile; fileRef = 3E11BA146C11770379AA5B6D /* CPSelectionManager.swift */; };
		3E11BDFB553D8E0B1ADA5D9F /* LICENSE in Resources */ = {isa = PBXBuildFile; fileRef = 3E11BB398F9BCEB4C9F52D72 /* LICENSE */; };
/* End PBXBuildFile section */

/* Begin PBXFileReference section */
		3E11B10ED914628A8A6779D3 /* Base */ = {isa = PBXFileReference; lastKnownFileType = file.storyboard; name = Base; path = Base.lproj/LaunchScreen.storyboard; sourceTree = "<group>"; };
		3E11B194CBF01988E534E11E /* AppDelegate.swift */ = {isa = PBXFileReference; lastKnownFileType = sourcecode.swift; path = AppDelegate.swift; sourceTree = "<group>"; };
		3E11B3048C25D7BF01995D42 /* Assets.xcassets */ = {isa = PBXFileReference; lastKnownFileType = folder.assetcatalog; path = Assets.xcassets; sourceTree = "<group>"; };
		3E11B3ABFA058E4FF37C754D /* CPSelectionManager.podspec */ = {isa = PBXFileReference; lastKnownFileType = file.podspec; path = CPSelectionManager.podspec; sourceTree = "<group>"; };
		3E11B9BF0919794FBAAE3350 /* CPSelectionManager.app */ = {isa = PBXFileReference; explicitFileType = wrapper.application; includeInIndex = 0; path = CPSelectionManager.app; sourceTree = BUILT_PRODUCTS_DIR; };
		3E11BA146C11770379AA5B6D /* CPSelectionManager.swift */ = {isa = PBXFileReference; fileEncoding = 4; lastKnownFileType = sourcecode.swift; path = CPSelectionManager.swift; sourceTree = "<group>"; };
		3E11BB398F9BCEB4C9F52D72 /* LICENSE */ = {isa = PBXFileReference; fileEncoding = 4; lastKnownFileType = text; path = LICENSE; sourceTree = "<group>"; };
		3E11BBB23BF6DFA9AA226B43 /* ViewController.swift */ = {isa = PBXFileReference; lastKnownFileType = sourcecode.swift; path = ViewController.swift; sourceTree = "<group>"; };
		3E11BD36FA17AD9CF34F2CF8 /* Base */ = {isa = PBXFileReference; lastKnownFileType = file.storyboard; name = Base; path = Base.lproj/Main.storyboard; sourceTree = "<group>"; };
		3E11BDB36826610DFC331473 /* Info.plist */ = {isa = PBXFileReference; lastKnownFileType = text.plist.info; path = Info.plist; sourceTree = "<group>"; };
/* End PBXFileReference section */

/* Begin PBXFrameworksBuildPhase section */
		3E11BFE634E7CCBF606C8BFB /* Frameworks */ = {
			isa = PBXFrameworksBuildPhase;
			buildActionMask = 2147483647;
			files = (
			);
			runOnlyForDeploymentPostprocessing = 0;
		};
/* End PBXFrameworksBuildPhase section */

/* Begin PBXGroup section */
		3E11B18D725E275C91E8AE17 /* Products */ = {
			isa = PBXGroup;
			children = (
				3E11B9BF0919794FBAAE3350 /* CPSelectionManager.app */,
			);
			name = Products;
			sourceTree = "<group>";
		};
		3E11B566D51D2F2BF0AECFFF /* CPSelectionManager */ = {
			isa = PBXGroup;
			children = (
				3E11BDB36826610DFC331473 /* Info.plist */,
				3E11B3048C25D7BF01995D42 /* Assets.xcassets */,
				3E11BA2A9BF8D2C64E9A5C19 /* LaunchScreen.storyboard */,
				3E11B194CBF01988E534E11E /* AppDelegate.swift */,
				3E11BF37E08BC96A2D5A65EA /* Main.storyboard */,
				3E11BBB23BF6DFA9AA226B43 /* ViewController.swift */,
			);
			path = CPSelectionManager;
			sourceTree = "<group>";
		};
		3E11BEC9A10824D3603FC6E7 /* Source */ = {
			isa = PBXGroup;
			children = (
				3E11BA146C11770379AA5B6D /* CPSelectionManager.swift */,
			);
			path = Source;
			sourceTree = "<group>";
		};
		3E11BFB8324DF6EA64C9711D = {
			isa = PBXGroup;
			children = (
				3E11B18D725E275C91E8AE17 /* Products */,
				3E11B566D51D2F2BF0AECFFF /* CPSelectionManager */,
				3E11BEC9A10824D3603FC6E7 /* Source */,
				3E11B3ABFA058E4FF37C754D /* CPSelectionManager.podspec */,
				3E11BB398F9BCEB4C9F52D72 /* LICENSE */,
			);
			sourceTree = "<group>";
		};
/* End PBXGroup section */

/* Begin PBXNativeTarget section */
		3E11BFC29FF62C1AA7BCD6E4 /* CPSelectionManager */ = {
			isa = PBXNativeTarget;
			buildConfigurationList = 3E11B20BFE8946ECDF1D5043 /* Build configuration list for PBXNativeTarget "CPSelectionManager" */;
			buildPhases = (
				3E11BAC4E03D9EA4E4F2D6AF /* Sources */,
				3E11BFE634E7CCBF606C8BFB /* Frameworks */,
				3E11B9573158214C1B908845 /* Resources */,
			);
			buildRules = (
			);
			dependencies = (
			);
			name = CPSelectionManager;
			productName = CPSelectionManager;
			productReference = 3E11B9BF0919794FBAAE3350 /* CPSelectionManager.app */;
			productType = "com.apple.product-type.application";
		};
/* End PBXNativeTarget section */

/* Begin PBXProject section */
		3E11B89DE77848F606BC08B3 /* Project object */ = {
			isa = PBXProject;
			attributes = {
				LastSwiftUpdateCheck = 0730;
				ORGANIZATIONNAME = Chope;
			};
			buildConfigurationList = 3E11B8BDA52CBD9B61254988 /* Build configuration list for PBXProject "CPSelectionManager" */;
			compatibilityVersion = "Xcode 3.2";
			developmentRegion = English;
			hasScannedForEncodings = 0;
			knownRegions = (
				en,
			);
			mainGroup = 3E11BFB8324DF6EA64C9711D;
			productRefGroup = 3E11B18D725E275C91E8AE17 /* Products */;
			projectDirPath = "";
			projectRoot = "";
			targets = (
				3E11BFC29FF62C1AA7BCD6E4 /* CPSelectionManager */,
			);
		};
/* End PBXProject section */

/* Begin PBXResourcesBuildPhase section */
		3E11B9573158214C1B908845 /* Resources */ = {
			isa = PBXResourcesBuildPhase;
			buildActionMask = 2147483647;
			files = (
				3E11BC828936EEB2325E8925 /* Info.plist in Resources */,
				3E11BA017138C7D664F8A074 /* Assets.xcassets in Resources */,
				3E11B3F123FC93E8E7733236 /* LaunchScreen.storyboard in Resources */,
				3E11B5DAD4D6FB3C3C9BC8DE /* Main.storyboard in Resources */,
				3E11B51B122BE2CAE2E19471 /* CPSelectionManager.podspec in Resources */,
				3E11BDFB553D8E0B1ADA5D9F /* LICENSE in Resources */,
			);
			runOnlyForDeploymentPostprocessing = 0;
		};
/* End PBXResourcesBuildPhase section */

/* Begin PBXSourcesBuildPhase section */
		3E11BAC4E03D9EA4E4F2D6AF /* Sources */ = {
			isa = PBXSourcesBuildPhase;
			buildActionMask = 2147483647;
			files = (
				3E11B099D649C782B5775816 /* AppDelegate.swift in Sources */,
				3E11BCFD8B5A0F8C971CE9C1 /* ViewController.swift in Sources */,
				3E11BDD1BB9221EDE54DD602 /* CPSelectionManager.swift in Sources */,
			);
			runOnlyForDeploymentPostprocessing = 0;
		};
/* End PBXSourcesBuildPhase section */

/* Begin PBXVariantGroup section */
		3E11BA2A9BF8D2C64E9A5C19 /* LaunchScreen.storyboard */ = {
			isa = PBXVariantGroup;
			children = (
				3E11B10ED914628A8A6779D3 /* Base */,
			);
			name = LaunchScreen.storyboard;
			sourceTree = "<group>";
		};
		3E11BF37E08BC96A2D5A65EA /* Main.storyboard */ = {
			isa = PBXVariantGroup;
			children = (
				3E11BD36FA17AD9CF34F2CF8 /* Base */,
			);
			name = Main.storyboard;
			sourceTree = "<group>";
		};
/* End PBXVariantGroup section */

/* Begin XCBuildConfiguration section */
		3E11B43497AA005BFEDD528C /* Debug */ = {
			isa = XCBuildConfiguration;
			buildSettings = {
				ALWAYS_SEARCH_USER_PATHS = NO;
				CLANG_ANALYZER_NONNULL = YES;
				CLANG_CXX_LANGUAGE_STANDARD = "gnu++0x";
				CLANG_CXX_LIBRARY = "libc++";
				CLANG_ENABLE_MODULES = YES;
				CLANG_ENABLE_OBJC_ARC = YES;
				CLANG_WARN_BOOL_CONVERSION = YES;
				CLANG_WARN_CONSTANT_CONVERSION = YES;
				CLANG_WARN_DIRECT_OBJC_ISA_USAGE = YES_ERROR;
				CLANG_WARN_EMPTY_BODY = YES;
				CLANG_WARN_ENUM_CONVERSION = YES;
				CLANG_WARN_INT_CONVERSION = YES;
				CLANG_WARN_OBJC_ROOT_CLASS = YES_ERROR;
				CLANG_WARN_UNREACHABLE_CODE = YES;
				CLANG_WARN__DUPLICATE_METHOD_MATCH = YES;
				"CODE_SIGN_IDENTITY[sdk=iphoneos*]" = "iPhone Developer";
				COPY_PHASE_STRIP = NO;
				DEBUG_INFORMATION_FORMAT = dwarf;
				ENABLE_STRICT_OBJC_MSGSEND = YES;
				ENABLE_TESTABILITY = YES;
				GCC_C_LANGUAGE_STANDARD = gnu99;
				GCC_DYNAMIC_NO_PIC = NO;
				GCC_NO_COMMON_BLOCKS = YES;
				GCC_OPTIMIZATION_LEVEL = 0;
				GCC_PREPROCESSOR_DEFINITIONS = (
					"DEBUG=1",
					"$(inherited)",
				);
				GCC_WARN_64_TO_32_BIT_CONVERSION = YES;
				GCC_WARN_ABOUT_RETURN_TYPE = YES_ERROR;
				GCC_WARN_UNDECLARED_SELECTOR = YES;
				GCC_WARN_UNINITIALIZED_AUTOS = YES_AGGRESSIVE;
				GCC_WARN_UNUSED_FUNCTION = YES;
				GCC_WARN_UNUSED_VARIABLE = YES;
				IPHONEOS_DEPLOYMENT_TARGET = 9.3;
				MTL_ENABLE_DEBUG_INFO = YES;
				ONLY_ACTIVE_ARCH = YES;
				SDKROOT = iphoneos;
				SWIFT_OPTIMIZATION_LEVEL = "-Onone";
			};
			name = Debug;
		};
		3E11B5CEBE6FA578861E75CB /* Release */ = {
			isa = XCBuildConfiguration;
			buildSettings = {
				ALWAYS_SEARCH_USER_PATHS = NO;
				CLANG_ANALYZER_NONNULL = YES;
				CLANG_CXX_LANGUAGE_STANDARD = "gnu++0x";
				CLANG_CXX_LIBRARY = "libc++";
				CLANG_ENABLE_MODULES = YES;
				CLANG_ENABLE_OBJC_ARC = YES;
				CLANG_WARN_BOOL_CONVERSION = YES;
				CLANG_WARN_CONSTANT_CONVERSION = YES;
				CLANG_WARN_DIRECT_OBJC_ISA_USAGE = YES_ERROR;
				CLANG_WARN_EMPTY_BODY = YES;
				CLANG_WARN_ENUM_CONVERSION = YES;
				CLANG_WARN_INT_CONVERSION = YES;
				CLANG_WARN_OBJC_ROOT_CLASS = YES_ERROR;
				CLANG_WARN_UNREACHABLE_CODE = YES;
				CLANG_WARN__DUPLICATE_METHOD_MATCH = YES;
				"CODE_SIGN_IDENTITY[sdk=iphoneos*]" = "iPhone Developer";
				COPY_PHASE_STRIP = NO;
				DEBUG_INFORMATION_FORMAT = "dwarf-with-dsym";
				ENABLE_NS_ASSERTIONS = NO;
				ENABLE_STRICT_OBJC_MSGSEND = YES;
				GCC_C_LANGUAGE_STANDARD = gnu99;
				GCC_NO_COMMON_BLOCKS = YES;
				GCC_WARN_64_TO_32_BIT_CONVERSION = YES;
				GCC_WARN_ABOUT_RETURN_TYPE = YES_ERROR;
				GCC_WARN_UNDECLARED_SELECTOR = YES;
				GCC_WARN_UNINITIALIZED_AUTOS = YES_AGGRESSIVE;
				GCC_WARN_UNUSED_FUNCTION = YES;
				GCC_WARN_UNUSED_VARIABLE = YES;
				IPHONEOS_DEPLOYMENT_TARGET = 9.3;
				MTL_ENABLE_DEBUG_INFO = NO;
				SDKROOT = iphoneos;
				VALIDATE_PRODUCT = YES;
			};
			name = Release;
		};
		3E11B8E888CDEC97FDF18F3E /* Release */ = {
			isa = XCBuildConfiguration;
			buildSettings = {
				ASSETCATALOG_COMPILER_APPICON_NAME = AppIcon;
				INFOPLIST_FILE = CPSelectionManager/Info.plist;
				LD_RUNPATH_SEARCH_PATHS = "$(inherited) @executable_path/Frameworks";
				PRODUCT_BUNDLE_IDENTIFIER = net.chopestory.CPSelectionManager;
				PRODUCT_NAME = "$(TARGET_NAME)";
			};
			name = Release;
		};
		3E11BA343CDB56C922D966DC /* Debug */ = {
			isa = XCBuildConfiguration;
			buildSettings = {
				ASSETCATALOG_COMPILER_APPICON_NAME = AppIcon;
				INFOPLIST_FILE = CPSelectionManager/Info.plist;
				LD_RUNPATH_SEARCH_PATHS = "$(inherited) @executable_path/Frameworks";
				PRODUCT_BUNDLE_IDENTIFIER = net.chopestory.CPSelectionManager;
				PRODUCT_NAME = "$(TARGET_NAME)";
			};
			name = Debug;
		};
/* End XCBuildConfiguration section */

/* Begin XCConfigurationList section */
		3E11B20BFE8946ECDF1D5043 /* Build configuration list for PBXNativeTarget "CPSelectionManager" */ = {
			isa = XCConfigurationList;
			buildConfigurations = (
				3E11BA343CDB56C922D966DC /* Debug */,
				3E11B8E888CDEC97FDF18F3E /* Release */,
			);
			defaultConfigurationIsVisible = 0;
			defaultConfigurationName = Release;
		};
		3E11B8BDA52CBD9B61254988 /* Build configuration list for PBXProject "CPSelectionManager" */ = {
			isa = XCConfigurationList;
			buildConfigurations = (
				3E11B43497AA005BFEDD528C /* Debug */,
				3E11B5CEBE6FA578861E75CB /* Release */,
			);
			defaultConfigurationIsVisible = 0;
			defaultConfigurationName = Release;
		};
/* End XCConfigurationList section */
	};
	rootObject = 3E11B89DE77848F606BC08B3 /* Project object */;
}
